// !$*UTF8*$!
{
	archiveVersion = 1;
	classes = {
	};
	objectVersion = 77;
	objects = {

/* Begin PBXBuildFile section */
		DB1EBBE03F84108E8E /* cmd_drive_forward.mp3 in Resources */ = {isa = PBXBuildFile; fileRef = DB1EBAA7F78D62487F /* cmd_drive_forward.mp3 */; };
		DB1EBBF5893202430E /* cmd_keep_pressure.mp3 in Resources */ = {isa = PBXBuildFile; fileRef = DB1EBA628FD8FCDC6B /* cmd_keep_pressure.mp3 */; };
		DB1EBBFF001EB9D033 /* cmd_move_now.mp3 in Resources */ = {isa = PBXBuildFile; fileRef = DB1EBA9B02CB9129ED /* cmd_move_now.mp3 */; };
		DB1EBB1529FC99186E /* cmd_push_pace.mp3 in Resources */ = {isa = PBXBuildFile; fileRef = DB1EBA8B9366827EB1 /* cmd_push_pace.mp3 */; };
		DB1EBBEE00F22B89F9 /* cmd_push_through.mp3 in Resources */ = {isa = PBXBuildFile; fileRef = DB1EBA65B26B10DF1F /* cmd_push_through.mp3 */; };
		DB1EBB2BCF3BF56FC6 /* cmd_reset_breathe.mp3 in Resources */ = {isa = PBXBuildFile; fileRef = DB1EBAD85642C12DA6 /* cmd_reset_breathe.mp3 */; };
		DB1EBB32780CCC5ECE /* cmd_stay_sharp.mp3 in Resources */ = {isa = PBXBuildFile; fileRef = DB1EBAB56957EF0A5A /* cmd_stay_sharp.mp3 */; };
		DB1EBB44E14BC58D1F /* elapsed_120s.mp3 in Resources */ = {isa = PBXBuildFile; fileRef = DB1EBA2C4B684E19E0 /* elapsed_120s.mp3 */; };
		DB1EBB7EC83C55F55F /* elapsed_180s.mp3 in Resources */ = {isa = PBXBuildFile; fileRef = DB1EBACFED2EBC6CF9 /* elapsed_180s.mp3 */; };
		DB1EBBBF6887AA497E /* elapsed_300s.mp3 in Resources */ = {isa = PBXBuildFile; fileRef = DB1EBA6FF360B3DB4F /* elapsed_300s.mp3 */; };
		DB1EBBEDB2EABEDCEB /* elapsed_30s.mp3 in Resources */ = {isa = PBXBuildFile; fileRef = DB1EBA56C5818F14D6 /* elapsed_30s.mp3 */; };
		DB1EBB2E70129DAE91 /* elapsed_600s.mp3 in Resources */ = {isa = PBXBuildFile; fileRef = DB1EBA8F106D178BDE /* elapsed_600s.mp3 */; };
		DB1EBB699108C839C6 /* elapsed_60s.mp3 in Resources */ = {isa = PBXBuildFile; fileRef = DB1EBA6410AB89807D /* elapsed_60s.mp3 */; };
		DB1EBBD0D6A2CEE96B /* elapsed_90s.mp3 in Resources */ = {isa = PBXBuildFile; fileRef = DB1EBAD5043288DD4A /* elapsed_90s.mp3 */; };
		DB1EBBDFE5B02E93E6 /* preview_elapsed.mp3 in Resources */ = {isa = PBXBuildFile; fileRef = DB1EBA90F6EDE9555C /* preview_elapsed.mp3 */; };

		064BAA16EA4D4830B29F2D9C /* RandomTimerUITests.swift in Sources */ = {isa = PBXBuildFile; fileRef = CCFBE5D59081407DA7F38ED6 /* RandomTimerUITests.swift */; };
		0B6A472176A53D70127E8133 /* CircularTimerView.swift in Sources */ = {isa = PBXBuildFile; fileRef = 7810CC4BC51B69F8B2799FF7 /* CircularTimerView.swift */; };
		0D85510DFBFA57EC653BEFAC /* ActiveTimerScreen.swift in Sources */ = {isa = PBXBuildFile; fileRef = 965D6C9486FA65E74E5A03EC /* ActiveTimerScreen.swift */; };
		0DDD8A9A4BBA38ABE292B47F /* PrimaryButton.swift in Sources */ = {isa = PBXBuildFile; fileRef = 68E4CF9C669D336F6C2FD8E7 /* PrimaryButton.swift */; };
		1128B196E27E8531DC06D2FF /* NotificationService.swift in Sources */ = {isa = PBXBuildFile; fileRef = 3BE6975376BF7C7C6B14F8BF /* NotificationService.swift */; };
		1F9A3C44B55D66E77F880011 /* ProSoundCatalog.swift in Sources */ = {isa = PBXBuildFile; fileRef = 1F9A3C44B55D66E77F880010 /* ProSoundCatalog.swift */; };
		17E69C010FAA04EFC0076358 /* TimerModels.swift in Sources */ = {isa = PBXBuildFile; fileRef = 5328BD9D4D105BCDE8D488F4 /* TimerModels.swift */; };
		1BAE4130DA7DC5758A7F13FE /* StoreReviewManager.swift in Sources */ = {isa = PBXBuildFile; fileRef = 48232C2EAE9FAA775617C954 /* StoreReviewManager.swift */; };
		PMONTHMSG0011223344556677 /* ProMonthlyContentMessaging.swift in Sources */ = {isa = PBXBuildFile; fileRef = PMONTHMSG0011223344556676 /* ProMonthlyContentMessaging.swift */; };
		PMONTHMAN0011223344556677 /* ProMonthlyContentManifestProvider.swift in Sources */ = {isa = PBXBuildFile; fileRef = PMONTHMAN0011223344556676 /* ProMonthlyContentManifestProvider.swift */; };
		STOREUPD001122334455667788 /* StoreUpdateService.swift in Sources */ = {isa = PBXBuildFile; fileRef = STOREUPD001122334455667787 /* StoreUpdateService.swift */; };
		PMONTHMSGT011223344556677 /* ProMonthlyContentMessagingTests.swift in Sources */ = {isa = PBXBuildFile; fileRef = PMONTHMSGT011223344556676 /* ProMonthlyContentMessagingTests.swift */; };
		STOREUPDT01122334455667788 /* StoreUpdateServiceTests.swift in Sources */ = {isa = PBXBuildFile; fileRef = STOREUPDT01122334455667787 /* StoreUpdateServiceTests.swift */; };
		1DB82123D1FB23AC92C566D7 /* drum_roll.mp3 in Resources */ = {isa = PBXBuildFile; fileRef = F5F3E399050BD30295736FEA /* drum_roll.mp3 */; };
		1EF5792885AFE606EACC05F9 /* TimerManager.swift in Sources */ = {isa = PBXBuildFile; fileRef = CE62A2F6E881E0CCA7DF2361 /* TimerManager.swift */; };
		2B75985921EFA190A6114447 /* airhorn.mp3 in Resources */ = {isa = PBXBuildFile; fileRef = F29061814BF691DA7F9CD649 /* airhorn.mp3 */; };
		3FFD4482489894E382E7B6E8 /* klaxon.mp3 in Resources */ = {isa = PBXBuildFile; fileRef = 01D20814587EFDB22A275849 /* klaxon.mp3 */; };
		49B707298D8B919D28D01A71 /* SharedTypes.swift in Sources */ = {isa = PBXBuildFile; fileRef = ECD7E2987345EA2F0A52A882 /* SharedTypes.swift */; };
		4C7AAC0D5B84BD7DFA0ACEAB /* TimerSetupScreen.swift in Sources */ = {isa = PBXBuildFile; fileRef = AAA529E7A224C8E8728DAE7A /* TimerSetupScreen.swift */; };
		DEE000000000000000000002 /* DeepLinkRouter.swift in Sources */ = {isa = PBXBuildFile; fileRef = DEE000000000000000000001 /* DeepLinkRouter.swift */; };
		DEE000000000000000000004 /* DeepLinkRouterTests.swift in Sources */ = {isa = PBXBuildFile; fileRef = DEE000000000000000000003 /* DeepLinkRouterTests.swift */; };
		4E242D865279E0BFD5B9CF7B /* gentle-chime.mp3 in Resources */ = {isa = PBXBuildFile; fileRef = 91AD2CFB9AE9EF347F990B2F /* gentle-chime.mp3 */; };
		4ED9D921707F80E1AC5501F3 /* RandomTimerApp.swift in Sources */ = {isa = PBXBuildFile; fileRef = 368C8F93B37D3B244F271919 /* RandomTimerApp.swift */; };
		4F4A683B236AE94216503707 /* Colors.swift in Sources */ = {isa = PBXBuildFile; fileRef = B9A84792F8E1380EF1A87461 /* Colors.swift */; };
		4F9999B0FD7F8A78A7A7C9A6 /* siren.mp3 in Resources */ = {isa = PBXBuildFile; fileRef = B346A5600C70703BAB7FB9E6 /* siren.mp3 */; };
		4FF9285AE33C37D3F7655511 /* whistle.mp3 in Resources */ = {isa = PBXBuildFile; fileRef = C2A2B6F508A20346A871C6F5 /* whistle.mp3 */; };
		56DF942937CE323893E2E4C6 /* alarm.mp3 in Resources */ = {isa = PBXBuildFile; fileRef = 3063864498ABB31478972EDD /* alarm.mp3 */; };
		5817A12E9686AD21EAFE028A /* PaywallSheet.swift in Sources */ = {isa = PBXBuildFile; fileRef = 808390B0F0B9EE36AC342E7A /* PaywallSheet.swift */; };
		5B6F3408CC4B851C6428EAAA /* buzzer.mp3 in Resources */ = {isa = PBXBuildFile; fileRef = 8E92FED72459C5B7A18BEE3D /* buzzer.mp3 */; };
		69A55EE7F47BF51A55C13896 /* RandomTimerLiveActivity.swift in Sources */ = {isa = PBXBuildFile; fileRef = 1ACBE63218A7CEC69F1E5422 /* RandomTimerLiveActivity.swift */; };
		7333136EFF1A48ADABA95895 /* bell.mp3 in Resources */ = {isa = PBXBuildFile; fileRef = 75387774E2DAB72906B19DCD /* bell.mp3 */; };
		840C3EEAD4E35D7D202C1C68 /* TimerModelsTests.swift in Sources */ = {isa = PBXBuildFile; fileRef = 7B55AFED96FE157EA7D0BF85 /* TimerModelsTests.swift */; };
		A1C100112233445566778899 /* Audio in Resources */ = {isa = PBXBuildFile; fileRef = A1C1001122334455667788BB /* Audio */; };
		A1C1001122334455667788AA /* AIVoiceCalloutServiceTests.swift in Sources */ = {isa = PBXBuildFile; fileRef = A1C1001122334455667788CC /* AIVoiceCalloutServiceTests.swift */; };
		ACTD00112233445566778802 /* ActivationDefaultsTests.swift in Sources */ = {isa = PBXBuildFile; fileRef = ACTD00112233445566778801 /* ActivationDefaultsTests.swift */; };
		PRVT001122334455AABB0002 /* ProValidationTests.swift in Sources */ = {isa = PBXBuildFile; fileRef = PRVT001122334455AABB0001 /* ProValidationTests.swift */; };
		85ABA1B34E3D14E790434638 /* ProManager.swift in Sources */ = {isa = PBXBuildFile; fileRef = A5A3DD46F85A68522E1B0902 /* ProManager.swift */; };
		AIVC00112233445566778899 /* AIVoiceCalloutService.swift in Sources */ = {isa = PBXBuildFile; fileRef = AIVC00112233445566778800 /* AIVoiceCalloutService.swift */; };
		96771424C44C551B73F7732B /* GlassCard.swift in Sources */ = {isa = PBXBuildFile; fileRef = 1D15E4584476AB7D519E638B /* GlassCard.swift */; };
		997459C4BEB58C7A5CB1C72F /* gong.mp3 in Resources */ = {isa = PBXBuildFile; fileRef = 18EB65CABE2573B583A2913B /* gong.mp3 */; };
		A1B2C3D400000001DEADBEEF /* Logger.swift in Sources */ = {isa = PBXBuildFile; fileRef = A1B2C3D400000002DEADBEEF /* Logger.swift */; };
		A1UPGRADE0011223344556679 /* AppUpgradeTracker.swift in Sources */ = {isa = PBXBuildFile; fileRef = A1UPGRADE0011223344556676 /* AppUpgradeTracker.swift */; };
		A1B2C3D400000003DEADBEEF /* AnalyticsService.swift in Sources */ = {isa = PBXBuildFile; fileRef = A1B2C3D400000004DEADBEEF /* AnalyticsService.swift */; };
		PHCFG00112233445566778802 /* PostHogAnalyticsConfigFactory.swift in Sources */ = {isa = PBXBuildFile; fileRef = PHCFG00112233445566778801 /* PostHogAnalyticsConfigFactory.swift */; };
		PHCFG00112233445566778804 /* PostHogAnalyticsConfigFactoryTests.swift in Sources */ = {isa = PBXBuildFile; fileRef = PHCFG00112233445566778803 /* PostHogAnalyticsConfigFactoryTests.swift */; };
		A1B2C3D400000004SHARE01 /* ShareSheet.swift in Sources */ = {isa = PBXBuildFile; fileRef = A1B2C3D400000004SHARE02 /* ShareSheet.swift */; };
		DISTCH00112233445566778802 /* DistributionChannelResolverTests.swift in Sources */ = {isa = PBXBuildFile; fileRef = DISTCH00112233445566778801 /* DistributionChannelResolverTests.swift */; };
		A1UPGRADE0011223344556678 /* AppUpgradeTrackerTests.swift in Sources */ = {isa = PBXBuildFile; fileRef = A1UPGRADE0011223344556677 /* AppUpgradeTrackerTests.swift */; };
		A1B2C3D4E5F60718A1B2C3D4 /* CircularTimerViewTests.swift in Sources */ = {isa = PBXBuildFile; fileRef = A1B2C3D4E5F60718A1B2C3D5 /* CircularTimerViewTests.swift */; };
		AABB001122334455DEADBEE0 /* Assets.xcassets in Resources */ = {isa = PBXBuildFile; fileRef = AABB001122334455DEADBEEF /* Assets.xcassets */; };
		B1C2D3E4F5A6071800STATS1 /* TrainingStatsService.swift in Sources */ = {isa = PBXBuildFile; fileRef = B1C2D3E4F5A6071800STATS2 /* TrainingStatsService.swift */; };
		QTWP00112233445566778802 /* QualifiedTrainingPaywallPolicy.swift in Sources */ = {isa = PBXBuildFile; fileRef = QTWP00112233445566778801 /* QualifiedTrainingPaywallPolicy.swift */; };
		QTWP00112233445566778804 /* QualifiedTrainingPaywallPolicyTests.swift in Sources */ = {isa = PBXBuildFile; fileRef = QTWP00112233445566778803 /* QualifiedTrainingPaywallPolicyTests.swift */; };
		RWAD00112233445566778802 /* RewardedAdSupport.swift in Sources */ = {isa = PBXBuildFile; fileRef = RWAD00112233445566778801 /* RewardedAdSupport.swift */; };
		RWAD00112233445566778804 /* RewardedAdSupportTests.swift in Sources */ = {isa = PBXBuildFile; fileRef = RWAD00112233445566778803 /* RewardedAdSupportTests.swift */; };
		RWAD00112233445566778806 /* ProSoundAccess.swift in Sources */ = {isa = PBXBuildFile; fileRef = RWAD00112233445566778805 /* ProSoundAccess.swift */; };
		RWAD00112233445566778808 /* ProSoundAccessTests.swift in Sources */ = {isa = PBXBuildFile; fileRef = RWAD00112233445566778807 /* ProSoundAccessTests.swift */; };
		RWAD0011223344556677880A /* RewardedAdCoordinator.swift in Sources */ = {isa = PBXBuildFile; fileRef = RWAD00112233445566778809 /* RewardedAdCoordinator.swift */; };
		RWAD0011223344556677880C /* RewardedAdCoordinatorTests.swift in Sources */ = {isa = PBXBuildFile; fileRef = RWAD0011223344556677880B /* RewardedAdCoordinatorTests.swift */; };
		RWAD0011223344556677880E /* StubRewardedAdPort.swift in Sources */ = {isa = PBXBuildFile; fileRef = RWAD0011223344556677880D /* StubRewardedAdPort.swift */; };
		DPCK00112233445566778802 /* DisciplinePackCatalog.swift in Sources */ = {isa = PBXBuildFile; fileRef = DPCK00112233445566778801 /* DisciplinePackCatalog.swift */; };
		DPCK00112233445566778804 /* DisciplinePackCatalogTests.swift in Sources */ = {isa = PBXBuildFile; fileRef = DPCK00112233445566778803 /* DisciplinePackCatalogTests.swift */; };
		BC2E89FF69ECC3F835BB9D9D /* RandomTimerWidgetExtension.appex in Embed Foundation Extensions */ = {isa = PBXBuildFile; fileRef = 05CD46A1911192043939F56F /* RandomTimerWidgetExtension.appex */; settings = {ATTRIBUTES = (RemoveHeadersOnCopy, ); }; };
		C1D2E3F4A5B60718C1D2E3F4 /* SilenceAndStopAlarmTests.swift in Sources */ = {isa = PBXBuildFile; fileRef = C1D2E3F4A5B60718C1D2E3F5 /* SilenceAndStopAlarmTests.swift */; };
		VOLKEY00112233445566778802 /* AlarmVolumeKeyPolicy.swift in Sources */ = {isa = PBXBuildFile; fileRef = VOLKEY00112233445566778801 /* AlarmVolumeKeyPolicy.swift */; };
		VOLKEY00112233445566778804 /* AlarmVolumeKeyPolicyTests.swift in Sources */ = {isa = PBXBuildFile; fileRef = VOLKEY00112233445566778803 /* AlarmVolumeKeyPolicyTests.swift */; };
		D6D5DBA2177110DF7C339F94 /* ServiceProtocols.swift in Sources */ = {isa = PBXBuildFile; fileRef = 4EB219B60074D5E0130A3D15 /* ServiceProtocols.swift */; };
		D8BFD3BC04A1001EE7329508 /* StorageService.swift in Sources */ = {isa = PBXBuildFile; fileRef = D4045FE32D7D1E2F9D4C423C /* StorageService.swift */; };
		D91C11A4CCFA99B1AF1AEA34 /* RandomTimerWidgetBundle.swift in Sources */ = {isa = PBXBuildFile; fileRef = 50E4F1687D48222CB0AD3509 /* RandomTimerWidgetBundle.swift */; };
		DB8217C38D6B214B931042F7 /* TimerModels.swift in Sources */ = {isa = PBXBuildFile; fileRef = 5328BD9D4D105BCDE8D488F4 /* TimerModels.swift */; };
		E1DD7FFA2F3044B7A5F461C1 /* LiveActivityService.swift in Sources */ = {isa = PBXBuildFile; fileRef = 8EEB9F4FF4ED4C88A5232642 /* LiveActivityService.swift */; };
		E479E3D609A46B2F93C1BD2C /* RangeSliderView.swift in Sources */ = {isa = PBXBuildFile; fileRef = 7CA1C5AD670D6527A669A21F /* RangeSliderView.swift */; };
		PH00112233445566778899AA /* PostHog in Frameworks */ = {isa = PBXBuildFile; productRef = PH00112233445566778899BB /* PostHog */; };
		PRIV001122334455AABB0002 /* PrivacyInfo.xcprivacy in Resources */ = {isa = PBXBuildFile; fileRef = PRIV001122334455AABB0001 /* PrivacyInfo.xcprivacy */; };
		FCBFIR001122334455667788AA /* FirebaseCrashlytics in Frameworks */ = {isa = PBXBuildFile; productRef = FPDFIR00112233445566778801 /* FirebaseCrashlytics */; };
		CRSVC00112233445566778802 /* CrashReportingService.swift in Sources */ = {isa = PBXBuildFile; fileRef = CRSVC00112233445566778801 /* CrashReportingService.swift */; };
/* End PBXBuildFile section */

/* Begin PBXContainerItemProxy section */
		4B994177C0B44D43AC6B6889 /* PBXContainerItemProxy */ = {
			isa = PBXContainerItemProxy;
			containerPortal = 0EDC84FE4BE7EB4ACDD83C02 /* Project object */;
			proxyType = 1;
			remoteGlobalIDString = 071F286DC49E27F1773FA883;
			remoteInfo = RandomTimer;
		};
		A81BED66FA956A6A357D5F6D /* PBXContainerItemProxy */ = {
			isa = PBXContainerItemProxy;
			containerPortal = 0EDC84FE4BE7EB4ACDD83C02 /* Project object */;
			proxyType = 1;
			remoteGlobalIDString = 6B67826C44AEC156CD76B7DC;
			remoteInfo = RandomTimerWidgetExtension;
		};
		D3B5D27FE9DAFDE56963E3F1 /* PBXContainerItemProxy */ = {
			isa = PBXContainerItemProxy;
			containerPortal = 0EDC84FE4BE7EB4ACDD83C02 /* Project object */;
			proxyType = 1;
			remoteGlobalIDString = 071F286DC49E27F1773FA883;
			remoteInfo = RandomTimer;
		};
/* End PBXContainerItemProxy section */

/* Begin PBXCopyFilesBuildPhase section */
		C1D86135661BEED30B3D6574 /* Embed Foundation Extensions */ = {
			isa = PBXCopyFilesBuildPhase;
			buildActionMask = 2147483647;
			dstPath = "";
			dstSubfolderSpec = 13;
			files = (
				BC2E89FF69ECC3F835BB9D9D /* RandomTimerWidgetExtension.appex in Embed Foundation Extensions */,
			);
			name = "Embed Foundation Extensions";
			runOnlyForDeploymentPostprocessing = 0;
		};
/* End PBXCopyFilesBuildPhase section */

/* Begin PBXFileReference section */
		DB1EBAA7F78D62487F /* cmd_drive_forward.mp3 */ = {isa = PBXFileReference; lastKnownFileType = audio.mp3; path = cmd_drive_forward.mp3; sourceTree = "<group>"; };
		DB1EBA628FD8FCDC6B /* cmd_keep_pressure.mp3 */ = {isa = PBXFileReference; lastKnownFileType = audio.mp3; path = cmd_keep_pressure.mp3; sourceTree = "<group>"; };
		DB1EBA9B02CB9129ED /* cmd_move_now.mp3 */ = {isa = PBXFileReference; lastKnownFileType = audio.mp3; path = cmd_move_now.mp3; sourceTree = "<group>"; };
		DB1EBA8B9366827EB1 /* cmd_push_pace.mp3 */ = {isa = PBXFileReference; lastKnownFileType = audio.mp3; path = cmd_push_pace.mp3; sourceTree = "<group>"; };
		DB1EBA65B26B10DF1F /* cmd_push_through.mp3 */ = {isa = PBXFileReference; lastKnownFileType = audio.mp3; path = cmd_push_through.mp3; sourceTree = "<group>"; };
		DB1EBAD85642C12DA6 /* cmd_reset_breathe.mp3 */ = {isa = PBXFileReference; lastKnownFileType = audio.mp3; path = cmd_reset_breathe.mp3; sourceTree = "<group>"; };
		DB1EBAB56957EF0A5A /* cmd_stay_sharp.mp3 */ = {isa = PBXFileReference; lastKnownFileType = audio.mp3; path = cmd_stay_sharp.mp3; sourceTree = "<group>"; };
		DB1EBA2C4B684E19E0 /* elapsed_120s.mp3 */ = {isa = PBXFileReference; lastKnownFileType = audio.mp3; path = elapsed_120s.mp3; sourceTree = "<group>"; };
		DB1EBACFED2EBC6CF9 /* elapsed_180s.mp3 */ = {isa = PBXFileReference; lastKnownFileType = audio.mp3; path = elapsed_180s.mp3; sourceTree = "<group>"; };
		DB1EBA6FF360B3DB4F /* elapsed_300s.mp3 */ = {isa = PBXFileReference; lastKnownFileType = audio.mp3; path = elapsed_300s.mp3; sourceTree = "<group>"; };
		DB1EBA56C5818F14D6 /* elapsed_30s.mp3 */ = {isa = PBXFileReference; lastKnownFileType = audio.mp3; path = elapsed_30s.mp3; sourceTree = "<group>"; };
		DB1EBA8F106D178BDE /* elapsed_600s.mp3 */ = {isa = PBXFileReference; lastKnownFileType = audio.mp3; path = elapsed_600s.mp3; sourceTree = "<group>"; };
		DB1EBA6410AB89807D /* elapsed_60s.mp3 */ = {isa = PBXFileReference; lastKnownFileType = audio.mp3; path = elapsed_60s.mp3; sourceTree = "<group>"; };
		DB1EBAD5043288DD4A /* elapsed_90s.mp3 */ = {isa = PBXFileReference; lastKnownFileType = audio.mp3; path = elapsed_90s.mp3; sourceTree = "<group>"; };
		DB1EBA90F6EDE9555C /* preview_elapsed.mp3 */ = {isa = PBXFileReference; lastKnownFileType = audio.mp3; path = preview_elapsed.mp3; sourceTree = "<group>"; };

		01D20814587EFDB22A275849 /* klaxon.mp3 */ = {isa = PBXFileReference; includeInIndex = 1; lastKnownFileType = audio.mp3; path = klaxon.mp3; sourceTree = "<group>"; };
		05CD46A1911192043939F56F /* RandomTimerWidgetExtension.appex */ = {isa = PBXFileReference; includeInIndex = 0; lastKnownFileType = "wrapper.app-extension"; path = RandomTimerWidgetExtension.appex; sourceTree = BUILT_PRODUCTS_DIR; };
		18EB65CABE2573B583A2913B /* gong.mp3 */ = {isa = PBXFileReference; includeInIndex = 1; lastKnownFileType = audio.mp3; path = gong.mp3; sourceTree = "<group>"; };
		1ACBE63218A7CEC69F1E5422 /* RandomTimerLiveActivity.swift */ = {isa = PBXFileReference; lastKnownFileType = sourcecode.swift; path = RandomTimerLiveActivity.swift; sourceTree = "<group>"; };
		1D15E4584476AB7D519E638B /* GlassCard.swift */ = {isa = PBXFileReference; lastKnownFileType = sourcecode.swift; path = GlassCard.swift; sourceTree = "<group>"; };
		1FEB9292178DAA002E1375B9 /* RandomTimerWidgetExtension.entitlements */ = {isa = PBXFileReference; lastKnownFileType = text.plist.entitlements; path = RandomTimerWidgetExtension.entitlements; sourceTree = "<group>"; };
		25FCEC0B24402A66BBCC142A /* RandomTimerTests.xctest */ = {isa = PBXFileReference; includeInIndex = 0; lastKnownFileType = wrapper.cfbundle; path = RandomTimerTests.xctest; sourceTree = BUILT_PRODUCTS_DIR; };
		3063864498ABB31478972EDD /* alarm.mp3 */ = {isa = PBXFileReference; lastKnownFileType = audio.mp3; path = alarm.mp3; sourceTree = "<group>"; };
		368C8F93B37D3B244F271919 /* RandomTimerApp.swift */ = {isa = PBXFileReference; lastKnownFileType = sourcecode.swift; path = RandomTimerApp.swift; sourceTree = "<group>"; };
		DEE000000000000000000001 /* DeepLinkRouter.swift */ = {isa = PBXFileReference; lastKnownFileType = sourcecode.swift; path = DeepLinkRouter.swift; sourceTree = "<group>"; };
		3BE6975376BF7C7C6B14F8BF /* NotificationService.swift */ = {isa = PBXFileReference; lastKnownFileType = sourcecode.swift; path = NotificationService.swift; sourceTree = "<group>"; };
		1F9A3C44B55D66E77F880010 /* ProSoundCatalog.swift */ = {isa = PBXFileReference; lastKnownFileType = sourcecode.swift; path = ProSoundCatalog.swift; sourceTree = "<group>"; };
		48232C2EAE9FAA775617C954 /* StoreReviewManager.swift */ = {isa = PBXFileReference; includeInIndex = 1; lastKnownFileType = sourcecode.swift; path = StoreReviewManager.swift; sourceTree = "<group>"; };
		PMONTHMSG0011223344556676 /* ProMonthlyContentMessaging.swift */ = {isa = PBXFileReference; includeInIndex = 1; lastKnownFileType = sourcecode.swift; path = ProMonthlyContentMessaging.swift; sourceTree = "<group>"; };
		PMONTHMAN0011223344556676 /* ProMonthlyContentManifestProvider.swift */ = {isa = PBXFileReference; includeInIndex = 1; lastKnownFileType = sourcecode.swift; path = ProMonthlyContentManifestProvider.swift; sourceTree = "<group>"; };
		STOREUPD001122334455667787 /* StoreUpdateService.swift */ = {isa = PBXFileReference; includeInIndex = 1; lastKnownFileType = sourcecode.swift; path = StoreUpdateService.swift; sourceTree = "<group>"; };
		PMONTHMSGT011223344556676 /* ProMonthlyContentMessagingTests.swift */ = {isa = PBXFileReference; includeInIndex = 1; lastKnownFileType = sourcecode.swift; path = ProMonthlyContentMessagingTests.swift; sourceTree = "<group>"; };
		STOREUPDT01122334455667787 /* StoreUpdateServiceTests.swift */ = {isa = PBXFileReference; includeInIndex = 1; lastKnownFileType = sourcecode.swift; path = StoreUpdateServiceTests.swift; sourceTree = "<group>"; };
		4C626B57059C6BDF97711A5D /* Info.plist */ = {isa = PBXFileReference; lastKnownFileType = text.plist; path = Info.plist; sourceTree = "<group>"; };
		4EB219B60074D5E0130A3D15 /* ServiceProtocols.swift */ = {isa = PBXFileReference; includeInIndex = 1; lastKnownFileType = sourcecode.swift; path = ServiceProtocols.swift; sourceTree = "<group>"; };
		50E4F1687D48222CB0AD3509 /* RandomTimerWidgetBundle.swift */ = {isa = PBXFileReference; lastKnownFileType = sourcecode.swift; path = RandomTimerWidgetBundle.swift; sourceTree = "<group>"; };
		5328BD9D4D105BCDE8D488F4 /* TimerModels.swift */ = {isa = PBXFileReference; lastKnownFileType = sourcecode.swift; path = TimerModels.swift; sourceTree = "<group>"; };
		5897E50AB48E9FBF061E29B4 /* RandomTimer.app */ = {isa = PBXFileReference; includeInIndex = 0; lastKnownFileType = wrapper.application; path = RandomTimer.app; sourceTree = BUILT_PRODUCTS_DIR; };
		68E4CF9C669D336F6C2FD8E7 /* PrimaryButton.swift */ = {isa = PBXFileReference; lastKnownFileType = sourcecode.swift; path = PrimaryButton.swift; sourceTree = "<group>"; };
		75387774E2DAB72906B19DCD /* bell.mp3 */ = {isa = PBXFileReference; includeInIndex = 1; lastKnownFileType = audio.mp3; path = bell.mp3; sourceTree = "<group>"; };
		7810CC4BC51B69F8B2799FF7 /* CircularTimerView.swift */ = {isa = PBXFileReference; lastKnownFileType = sourcecode.swift; path = CircularTimerView.swift; sourceTree = "<group>"; };
		7B55AFED96FE157EA7D0BF85 /* TimerModelsTests.swift */ = {isa = PBXFileReference; lastKnownFileType = sourcecode.swift; path = TimerModelsTests.swift; sourceTree = "<group>"; };
		7CA1C5AD670D6527A669A21F /* RangeSliderView.swift */ = {isa = PBXFileReference; lastKnownFileType = sourcecode.swift; path = RangeSliderView.swift; sourceTree = "<group>"; };
		808390B0F0B9EE36AC342E7A /* PaywallSheet.swift */ = {isa = PBXFileReference; includeInIndex = 1; lastKnownFileType = sourcecode.swift; path = PaywallSheet.swift; sourceTree = "<group>"; };
		8E92FED72459C5B7A18BEE3D /* buzzer.mp3 */ = {isa = PBXFileReference; includeInIndex = 1; lastKnownFileType = audio.mp3; path = buzzer.mp3; sourceTree = "<group>"; };
		8EEB9F4FF4ED4C88A5232642 /* LiveActivityService.swift */ = {isa = PBXFileReference; lastKnownFileType = sourcecode.swift; path = LiveActivityService.swift; sourceTree = "<group>"; };
		91AD2CFB9AE9EF347F990B2F /* gentle-chime.mp3 */ = {isa = PBXFileReference; lastKnownFileType = audio.mp3; path = "gentle-chime.mp3"; sourceTree = "<group>"; };
		965D6C9486FA65E74E5A03EC /* ActiveTimerScreen.swift */ = {isa = PBXFileReference; lastKnownFileType = sourcecode.swift; path = ActiveTimerScreen.swift; sourceTree = "<group>"; };
		A1B2C3D400000002DEADBEEF /* Logger.swift */ = {isa = PBXFileReference; lastKnownFileType = sourcecode.swift; path = Logger.swift; sourceTree = "<group>"; };
		A1B2C3D400000004DEADBEEF /* AnalyticsService.swift */ = {isa = PBXFileReference; lastKnownFileType = sourcecode.swift; path = AnalyticsService.swift; sourceTree = "<group>"; };
		PHCFG00112233445566778801 /* PostHogAnalyticsConfigFactory.swift */ = {isa = PBXFileReference; lastKnownFileType = sourcecode.swift; path = PostHogAnalyticsConfigFactory.swift; sourceTree = "<group>"; };
		PHCFG00112233445566778803 /* PostHogAnalyticsConfigFactoryTests.swift */ = {isa = PBXFileReference; lastKnownFileType = sourcecode.swift; path = PostHogAnalyticsConfigFactoryTests.swift; sourceTree = "<group>"; };
		A1B2C3D400000004SHARE02 /* ShareSheet.swift */ = {isa = PBXFileReference; lastKnownFileType = sourcecode.swift; path = ShareSheet.swift; sourceTree = "<group>"; };
		A1UPGRADE0011223344556676 /* AppUpgradeTracker.swift */ = {isa = PBXFileReference; lastKnownFileType = sourcecode.swift; path = AppUpgradeTracker.swift; sourceTree = "<group>"; };
		DISTCH00112233445566778801 /* DistributionChannelResolverTests.swift */ = {isa = PBXFileReference; lastKnownFileType = sourcecode.swift; path = DistributionChannelResolverTests.swift; sourceTree = "<group>"; };
		A1UPGRADE0011223344556677 /* AppUpgradeTrackerTests.swift */ = {isa = PBXFileReference; lastKnownFileType = sourcecode.swift; path = AppUpgradeTrackerTests.swift; sourceTree = "<group>"; };
		A1B2C3D4E5F60718A1B2C3D5 /* CircularTimerViewTests.swift */ = {isa = PBXFileReference; lastKnownFileType = sourcecode.swift; path = CircularTimerViewTests.swift; sourceTree = "<group>"; };
		A1C1001122334455667788BB /* Audio */ = {isa = PBXFileReference; lastKnownFileType = folder; name = Audio; path = RandomTimer/Resources/Audio; sourceTree = "<group>"; };
		A1C1001122334455667788CC /* AIVoiceCalloutServiceTests.swift */ = {isa = PBXFileReference; lastKnownFileType = sourcecode.swift; path = AIVoiceCalloutServiceTests.swift; sourceTree = "<group>"; };
		ACTD00112233445566778801 /* ActivationDefaultsTests.swift */ = {isa = PBXFileReference; lastKnownFileType = sourcecode.swift; path = ActivationDefaultsTests.swift; sourceTree = "<group>"; };
		A5A3DD46F85A68522E1B0902 /* ProManager.swift */ = {isa = PBXFileReference; includeInIndex = 1; lastKnownFileType = sourcecode.swift; path = ProManager.swift; sourceTree = "<group>"; };
		AIVC00112233445566778800 /* AIVoiceCalloutService.swift */ = {isa = PBXFileReference; lastKnownFileType = sourcecode.swift; path = AIVoiceCalloutService.swift; sourceTree = "<group>"; };
		AAA529E7A224C8E8728DAE7A /* TimerSetupScreen.swift */ = {isa = PBXFileReference; lastKnownFileType = sourcecode.swift; path = TimerSetupScreen.swift; sourceTree = "<group>"; };
		AABB001122334455DEADBEEF /* Assets.xcassets */ = {isa = PBXFileReference; lastKnownFileType = folder.assetcatalog; name = Assets.xcassets; path = RandomTimer/Resources/Assets.xcassets; sourceTree = "<group>"; };
		B1C2D3E4F5A6071800STATS2 /* TrainingStatsService.swift */ = {isa = PBXFileReference; lastKnownFileType = sourcecode.swift; path = TrainingStatsService.swift; sourceTree = "<group>"; };
		QTWP00112233445566778801 /* QualifiedTrainingPaywallPolicy.swift */ = {isa = PBXFileReference; lastKnownFileType = sourcecode.swift; path = QualifiedTrainingPaywallPolicy.swift; sourceTree = "<group>"; };
		QTWP00112233445566778803 /* QualifiedTrainingPaywallPolicyTests.swift */ = {isa = PBXFileReference; lastKnownFileType = sourcecode.swift; path = QualifiedTrainingPaywallPolicyTests.swift; sourceTree = "<group>"; };
		RWAD00112233445566778801 /* RewardedAdSupport.swift */ = {isa = PBXFileReference; lastKnownFileType = sourcecode.swift; path = RewardedAdSupport.swift; sourceTree = "<group>"; };
		RWAD00112233445566778803 /* RewardedAdSupportTests.swift */ = {isa = PBXFileReference; lastKnownFileType = sourcecode.swift; path = RewardedAdSupportTests.swift; sourceTree = "<group>"; };
		RWAD00112233445566778805 /* ProSoundAccess.swift */ = {isa = PBXFileReference; lastKnownFileType = sourcecode.swift; path = ProSoundAccess.swift; sourceTree = "<group>"; };
		RWAD00112233445566778807 /* ProSoundAccessTests.swift */ = {isa = PBXFileReference; lastKnownFileType = sourcecode.swift; path = ProSoundAccessTests.swift; sourceTree = "<group>"; };
		RWAD00112233445566778809 /* RewardedAdCoordinator.swift */ = {isa = PBXFileReference; lastKnownFileType = sourcecode.swift; path = RewardedAdCoordinator.swift; sourceTree = "<group>"; };
		RWAD0011223344556677880B /* RewardedAdCoordinatorTests.swift */ = {isa = PBXFileReference; lastKnownFileType = sourcecode.swift; path = RewardedAdCoordinatorTests.swift; sourceTree = "<group>"; };
		RWAD0011223344556677880D /* StubRewardedAdPort.swift */ = {isa = PBXFileReference; lastKnownFileType = sourcecode.swift; path = StubRewardedAdPort.swift; sourceTree = "<group>"; };
		DPCK00112233445566778801 /* DisciplinePackCatalog.swift */ = {isa = PBXFileReference; lastKnownFileType = sourcecode.swift; path = DisciplinePackCatalog.swift; sourceTree = "<group>"; };
		DPCK00112233445566778803 /* DisciplinePackCatalogTests.swift */ = {isa = PBXFileReference; lastKnownFileType = sourcecode.swift; path = DisciplinePackCatalogTests.swift; sourceTree = "<group>"; };
		B346A5600C70703BAB7FB9E6 /* siren.mp3 */ = {isa = PBXFileReference; includeInIndex = 1; lastKnownFileType = audio.mp3; path = siren.mp3; sourceTree = "<group>"; };
		B9A84792F8E1380EF1A87461 /* Colors.swift */ = {isa = PBXFileReference; lastKnownFileType = sourcecode.swift; path = Colors.swift; sourceTree = "<group>"; };
		BDB556957D054D23B9D4D664 /* RandomTimerUITests.xctest */ = {isa = PBXFileReference; includeInIndex = 0; lastKnownFileType = wrapper.cfbundle; path = RandomTimerUITests.xctest; sourceTree = BUILT_PRODUCTS_DIR; };
		C1D2E3F4A5B60718C1D2E3F5 /* SilenceAndStopAlarmTests.swift */ = {isa = PBXFileReference; lastKnownFileType = sourcecode.swift; path = SilenceAndStopAlarmTests.swift; sourceTree = "<group>"; };
		VOLKEY00112233445566778801 /* AlarmVolumeKeyPolicy.swift */ = {isa = PBXFileReference; lastKnownFileType = sourcecode.swift; path = AlarmVolumeKeyPolicy.swift; sourceTree = "<group>"; };
		VOLKEY00112233445566778803 /* AlarmVolumeKeyPolicyTests.swift */ = {isa = PBXFileReference; lastKnownFileType = sourcecode.swift; path = AlarmVolumeKeyPolicyTests.swift; sourceTree = "<group>"; };
		C2A2B6F508A20346A871C6F5 /* whistle.mp3 */ = {isa = PBXFileReference; includeInIndex = 1; lastKnownFileType = audio.mp3; path = whistle.mp3; sourceTree = "<group>"; };
		CCFBE5D59081407DA7F38ED6 /* RandomTimerUITests.swift */ = {isa = PBXFileReference; lastKnownFileType = sourcecode.swift; path = RandomTimerUITests.swift; sourceTree = "<group>"; };
		CE62A2F6E881E0CCA7DF2361 /* TimerManager.swift */ = {isa = PBXFileReference; lastKnownFileType = sourcecode.swift; path = TimerManager.swift; sourceTree = "<group>"; };
		D4045FE32D7D1E2F9D4C423C /* StorageService.swift */ = {isa = PBXFileReference; lastKnownFileType = sourcecode.swift; path = StorageService.swift; sourceTree = "<group>"; };
		ECD7E2987345EA2F0A52A882 /* SharedTypes.swift */ = {isa = PBXFileReference; lastKnownFileType = sourcecode.swift; path = SharedTypes.swift; sourceTree = "<group>"; };
		F29061814BF691DA7F9CD649 /* airhorn.mp3 */ = {isa = PBXFileReference; includeInIndex = 1; lastKnownFileType = audio.mp3; path = airhorn.mp3; sourceTree = "<group>"; };
		F5F3E399050BD30295736FEA /* drum_roll.mp3 */ = {isa = PBXFileReference; includeInIndex = 1; lastKnownFileType = audio.mp3; path = drum_roll.mp3; sourceTree = "<group>"; };
		PRIV001122334455AABB0001 /* PrivacyInfo.xcprivacy */ = {isa = PBXFileReference; lastKnownFileType = text.xml; name = PrivacyInfo.xcprivacy; path = RandomTimer/PrivacyInfo.xcprivacy; sourceTree = "<group>"; };
		PRVT001122334455AABB0001 /* ProValidationTests.swift */ = {isa = PBXFileReference; lastKnownFileType = sourcecode.swift; path = ProValidationTests.swift; sourceTree = "<group>"; };
		DEE000000000000000000003 /* DeepLinkRouterTests.swift */ = {isa = PBXFileReference; lastKnownFileType = sourcecode.swift; path = DeepLinkRouterTests.swift; sourceTree = "<group>"; };
		CRSVC00112233445566778801 /* CrashReportingService.swift */ = {isa = PBXFileReference; lastKnownFileType = sourcecode.swift; path = CrashReportingService.swift; sourceTree = "<group>"; };
		GSIPL00112233445566778801 /* GoogleService-Info.plist */ = {isa = PBXFileReference; lastKnownFileType = text.plist.xml; name = "GoogleService-Info.plist"; path = RandomTimer/GoogleService-Info.plist; sourceTree = "<group>"; };
/* End PBXFileReference section */

/* Begin PBXFrameworksBuildPhase section */
		PH00112233445566778899CC /* Frameworks */ = {
			isa = PBXFrameworksBuildPhase;
			buildActionMask = 2147483647;
			files = (
				FCBFIR001122334455667788AA /* FirebaseCrashlytics in Frameworks */,
				PH00112233445566778899AA /* PostHog in Frameworks */,
			);
			runOnlyForDeploymentPostprocessing = 0;
		};
/* End PBXFrameworksBuildPhase section */

/* Begin PBXGroup section */
		1F45D7F5254FAD17E047D6A3 /* Products */ = {
			isa = PBXGroup;
			children = (
				5897E50AB48E9FBF061E29B4 /* RandomTimer.app */,
				25FCEC0B24402A66BBCC142A /* RandomTimerTests.xctest */,
				BDB556957D054D23B9D4D664 /* RandomTimerUITests.xctest */,
				05CD46A1911192043939F56F /* RandomTimerWidgetExtension.appex */,
			);
			name = Products;
			sourceTree = "<group>";
		};
		3F3001C89372688DF388B3EA /* App */ = {
			isa = PBXGroup;
			children = (
				DEE000000000000000000001 /* DeepLinkRouter.swift */,
				368C8F93B37D3B244F271919 /* RandomTimerApp.swift */,
			);
			path = App;
			sourceTree = "<group>";
		};
		4A083F7CAA823D4930153B06 /* RandomTimerTests */ = {
			isa = PBXGroup;
			children = (
				ACTD00112233445566778801 /* ActivationDefaultsTests.swift */,
				DISTCH00112233445566778801 /* DistributionChannelResolverTests.swift */,
				PHCFG00112233445566778803 /* PostHogAnalyticsConfigFactoryTests.swift */,
				A1C1001122334455667788CC /* AIVoiceCalloutServiceTests.swift */,
				A1B2C3D4E5F60718A1B2C3D5 /* CircularTimerViewTests.swift */,
				DEE000000000000000000003 /* DeepLinkRouterTests.swift */,
				PRVT001122334455AABB0001 /* ProValidationTests.swift */,
				QTWP00112233445566778803 /* QualifiedTrainingPaywallPolicyTests.swift */,
				RWAD00112233445566778803 /* RewardedAdSupportTests.swift */,
				RWAD00112233445566778807 /* ProSoundAccessTests.swift */,
				RWAD0011223344556677880B /* RewardedAdCoordinatorTests.swift */,
				DPCK00112233445566778803 /* DisciplinePackCatalogTests.swift */,
				VOLKEY00112233445566778803 /* AlarmVolumeKeyPolicyTests.swift */,
				C1D2E3F4A5B60718C1D2E3F5 /* SilenceAndStopAlarmTests.swift */,
				7B55AFED96FE157EA7D0BF85 /* TimerModelsTests.swift */,
				PMONTHMSGT011223344556676 /* ProMonthlyContentMessagingTests.swift */,
				STOREUPDT01122334455667787 /* StoreUpdateServiceTests.swift */,
			);
			path = RandomTimerTests;
			sourceTree = "<group>";
		};
		552F50DFC810EB390ED7DC36 /* Components */ = {
			isa = PBXGroup;
			children = (
				7810CC4BC51B69F8B2799FF7 /* CircularTimerView.swift */,
				1D15E4584476AB7D519E638B /* GlassCard.swift */,
				68E4CF9C669D336F6C2FD8E7 /* PrimaryButton.swift */,
				7CA1C5AD670D6527A669A21F /* RangeSliderView.swift */,
				A1B2C3D400000004SHARE02 /* ShareSheet.swift */,
			);
			path = Components;
			sourceTree = "<group>";
		};
		6413DA757BFDBE2A16F530B5 /* Models */ = {
			isa = PBXGroup;
			children = (
			);
			path = Models;
			sourceTree = "<group>";
		};
		99BD2D54C4CED5E8976F44F9 /* UseCases */ = {
			isa = PBXGroup;
			children = (
			);
			path = UseCases;
			sourceTree = "<group>";
		};
		A7465B81D29C7680F842A4F4 /* Services */ = {
			isa = PBXGroup;
			children = (
				A1UPGRADE0011223344556676 /* AppUpgradeTracker.swift */,
				A1B2C3D400000004DEADBEEF /* AnalyticsService.swift */,
				PHCFG00112233445566778801 /* PostHogAnalyticsConfigFactory.swift */,
				CRSVC00112233445566778801 /* CrashReportingService.swift */,
				A1B2C3D400000002DEADBEEF /* Logger.swift */,
				VOLKEY00112233445566778801 /* AlarmVolumeKeyPolicy.swift */,
				3BE6975376BF7C7C6B14F8BF /* NotificationService.swift */,
				1F9A3C44B55D66E77F880010 /* ProSoundCatalog.swift */,
				8EEB9F4FF4ED4C88A5232642 /* LiveActivityService.swift */,
				D4045FE32D7D1E2F9D4C423C /* StorageService.swift */,
				CE62A2F6E881E0CCA7DF2361 /* TimerManager.swift */,
				4EB219B60074D5E0130A3D15 /* ServiceProtocols.swift */,
				48232C2EAE9FAA775617C954 /* StoreReviewManager.swift */,
				STOREUPD001122334455667787 /* StoreUpdateService.swift */,
				PMONTHMSG0011223344556676 /* ProMonthlyContentMessaging.swift */,
				PMONTHMAN0011223344556676 /* ProMonthlyContentManifestProvider.swift */,
				B1C2D3E4F5A6071800STATS2 /* TrainingStatsService.swift */,
				QTWP00112233445566778801 /* QualifiedTrainingPaywallPolicy.swift */,
				RWAD00112233445566778801 /* RewardedAdSupport.swift */,
				RWAD00112233445566778805 /* ProSoundAccess.swift */,
				RWAD00112233445566778809 /* RewardedAdCoordinator.swift */,
				RWAD0011223344556677880D /* StubRewardedAdPort.swift */,
				DPCK00112233445566778801 /* DisciplinePackCatalog.swift */,
				A5A3DD46F85A68522E1B0902 /* ProManager.swift */,
				AIVC00112233445566778800 /* AIVoiceCalloutService.swift */,
			);
			path = Services;
			sourceTree = "<group>";
		};
		A9369D56F8A5F3C82993B7C0 /* UI */ = {
			isa = PBXGroup;
			children = (
				552F50DFC810EB390ED7DC36 /* Components */,
				BF2FCD2370C088340557209E /* Screens */,
				B6F0A354E3DFEC67F9B4135A /* Theme */,
			);
			path = UI;
			sourceTree = "<group>";
		};
		B6F0A354E3DFEC67F9B4135A /* Theme */ = {
			isa = PBXGroup;
			children = (
				B9A84792F8E1380EF1A87461 /* Colors.swift */,
			);
			path = Theme;
			sourceTree = "<group>";
		};
		BF2FCD2370C088340557209E /* Screens */ = {
			isa = PBXGroup;
			children = (
				965D6C9486FA65E74E5A03EC /* ActiveTimerScreen.swift */,
				AAA529E7A224C8E8728DAE7A /* TimerSetupScreen.swift */,
				808390B0F0B9EE36AC342E7A /* PaywallSheet.swift */,
			);
			path = Screens;
			sourceTree = "<group>";
		};
		D30E2D221821267F7C1DCC6E /* Domain */ = {
			isa = PBXGroup;
			children = (
				6413DA757BFDBE2A16F530B5 /* Models */,
				99BD2D54C4CED5E8976F44F9 /* UseCases */,
			);
			path = Domain;
			sourceTree = "<group>";
		};
		D32BDC3522EA9C4F129D3A58 /* Sources */ = {
			isa = PBXGroup;
			children = (
				3F3001C89372688DF388B3EA /* App */,
				D30E2D221821267F7C1DCC6E /* Domain */,
				A7465B81D29C7680F842A4F4 /* Services */,
				A9369D56F8A5F3C82993B7C0 /* UI */,
			);
			name = Sources;
			path = RandomTimer/Sources;
			sourceTree = "<group>";
		};
		DAE21E1BE339F9330CF1883A /* SharedModels */ = {
			isa = PBXGroup;
			children = (
				5328BD9D4D105BCDE8D488F4 /* TimerModels.swift */,
			);
			path = SharedModels;
			sourceTree = "<group>";
		};
		DB1EB0493351D1D4C087065E /* Sounds */ = {
			isa = PBXGroup;
			children = (
				3063864498ABB31478972EDD /* alarm.mp3 */,
				91AD2CFB9AE9EF347F990B2F /* gentle-chime.mp3 */,
				01D20814587EFDB22A275849 /* klaxon.mp3 */,
				C2A2B6F508A20346A871C6F5 /* whistle.mp3 */,
				8E92FED72459C5B7A18BEE3D /* buzzer.mp3 */,
				18EB65CABE2573B583A2913B /* gong.mp3 */,
				F29061814BF691DA7F9CD649 /* airhorn.mp3 */,
				F5F3E399050BD30295736FEA /* drum_roll.mp3 */,
				B346A5600C70703BAB7FB9E6 /* siren.mp3 */,
				75387774E2DAB72906B19DCD /* bell.mp3 */,
			);
			name = Sounds;
			path = RandomTimer/Resources/Sounds;
			sourceTree = "<group>";
		};
		E404D625B80F47B498797ECB /* RandomTimerUITests */ = {
			isa = PBXGroup;
			children = (
				CCFBE5D59081407DA7F38ED6 /* RandomTimerUITests.swift */,
			);
			path = RandomTimerUITests;
			sourceTree = "<group>";
		};
		F0050F788BCC05C75D7EA40F /* RandomTimerWidget */ = {
			isa = PBXGroup;
			children = (
				4C626B57059C6BDF97711A5D /* Info.plist */,
				1ACBE63218A7CEC69F1E5422 /* RandomTimerLiveActivity.swift */,
				50E4F1687D48222CB0AD3509 /* RandomTimerWidgetBundle.swift */,
				1FEB9292178DAA002E1375B9 /* RandomTimerWidgetExtension.entitlements */,
				ECD7E2987345EA2F0A52A882 /* SharedTypes.swift */,
			);
			path = RandomTimerWidget;
			sourceTree = "<group>";
		};
		F8289CF182E2C94C3F449A81 = {
			isa = PBXGroup;
			children = (
				4A083F7CAA823D4930153B06 /* RandomTimerTests */,
				E404D625B80F47B498797ECB /* RandomTimerUITests */,
				F0050F788BCC05C75D7EA40F /* RandomTimerWidget */,
				DAE21E1BE339F9330CF1883A /* SharedModels */,
				A1C1001122334455667788BB /* Audio */,
				DB1EB0493351D1D4C087065E /* Sounds */,
				D32BDC3522EA9C4F129D3A58 /* Sources */,
				AABB001122334455DEADBEEF /* Assets.xcassets */,
				PRIV001122334455AABB0001 /* PrivacyInfo.xcprivacy */,
				GSIPL00112233445566778801 /* GoogleService-Info.plist */,
				1F45D7F5254FAD17E047D6A3 /* Products */,
			);
			sourceTree = "<group>";
		};
/* End PBXGroup section */

/* Begin PBXNativeTarget section */
		068B65121206C32BF6322382 /* RandomTimerTests */ = {
			isa = PBXNativeTarget;
			buildConfigurationList = D5ED6F06F95BC3C6B8B40BC6 /* Build configuration list for PBXNativeTarget "RandomTimerTests" */;
			buildPhases = (
				CA4E80465DB6DB61FEB6A5DF /* Sources */,
			);
			buildRules = (
			);
			dependencies = (
				67ED10C9A616F8D32CF4F663 /* PBXTargetDependency */,
			);
			name = RandomTimerTests;
			productName = RandomTimerTests;
			productReference = 25FCEC0B24402A66BBCC142A /* RandomTimerTests.xctest */;
			productType = "com.apple.product-type.bundle.unit-test";
		};
		071F286DC49E27F1773FA883 /* RandomTimer */ = {
			isa = PBXNativeTarget;
			buildConfigurationList = 1FC5C4B604AB7C83642F1A28 /* Build configuration list for PBXNativeTarget "RandomTimer" */;
				buildPhases = (
					4B3649502FCACD78DF51B7D7 /* Sources */,
					PH00112233445566778899CC /* Frameworks */,
					C860582E5E34407E753D7F99 /* Resources */,
					GSICOPY001122334455667788 /* Copy GoogleService-Info.plist if present */,
					C1D86135661BEED30B3D6574 /* Embed Foundation Extensions */,
					CRSHEL00112233445566778801 /* Run Crashlytics */,
				);
			buildRules = (
			);
			dependencies = (
				B309A62F166A0C885742BA28 /* PBXTargetDependency */,
			);
			name = RandomTimer;
			packageProductDependencies = (
				FPDFIR00112233445566778801 /* FirebaseCrashlytics */,
				PH00112233445566778899BB /* PostHog */,
			);
			productName = RandomTimer;
			productReference = 5897E50AB48E9FBF061E29B4 /* RandomTimer.app */;
			productType = "com.apple.product-type.application";
		};
		6B67826C44AEC156CD76B7DC /* RandomTimerWidgetExtension */ = {
			isa = PBXNativeTarget;
			buildConfigurationList = 6928FF87BC5E7BA0886D9F95 /* Build configuration list for PBXNativeTarget "RandomTimerWidgetExtension" */;
			buildPhases = (
				A082432CA7AC1CD3BEBA0A62 /* Sources */,
			);
			buildRules = (
			);
			dependencies = (
			);
			name = RandomTimerWidgetExtension;
			productName = RandomTimerWidgetExtension;
			productReference = 05CD46A1911192043939F56F /* RandomTimerWidgetExtension.appex */;
			productType = "com.apple.product-type.app-extension";
		};
		780772D950CC4419ABCBBAB5 /* RandomTimerUITests */ = {
			isa = PBXNativeTarget;
			buildConfigurationList = 0BADE4CBF85B4271B73F574A /* Build configuration list for PBXNativeTarget "RandomTimerUITests" */;
			buildPhases = (
				06C5F8F09D85408E93231FC5 /* Sources */,
			);
			buildRules = (
			);
			dependencies = (
				57CE23BFEB404B14B13A3CB4 /* PBXTargetDependency */,
			);
			name = RandomTimerUITests;
			productName = RandomTimerUITests;
			productReference = BDB556957D054D23B9D4D664 /* RandomTimerUITests.xctest */;
			productType = "com.apple.product-type.bundle.ui-testing";
		};
/* End PBXNativeTarget section */

/* Begin PBXProject section */
		0EDC84FE4BE7EB4ACDD83C02 /* Project object */ = {
			isa = PBXProject;
			attributes = {
				BuildIndependentTargetsInParallel = YES;
				LastUpgradeCheck = 1600;
				TargetAttributes = {
					068B65121206C32BF6322382 = {
						DevelopmentTeam = 9GMM26JC5X;
						ProvisioningStyle = Automatic;
					};
					071F286DC49E27F1773FA883 = {
						DevelopmentTeam = 9GMM26JC5X;
						ProvisioningStyle = Automatic;
					};
					6B67826C44AEC156CD76B7DC = {
						DevelopmentTeam = 9GMM26JC5X;
						ProvisioningStyle = Automatic;
					};
					780772D950CC4419ABCBBAB5 = {
						DevelopmentTeam = 9GMM26JC5X;
						ProvisioningStyle = Automatic;
					};
				};
			};
			buildConfigurationList = CD36B60FFBE1306E78F16436 /* Build configuration list for PBXProject "RandomTimer" */;
			compatibilityVersion = "Xcode 14.0";
			developmentRegion = en;
			hasScannedForEncodings = 0;
			knownRegions = (
				Base,
				en,
			);
			mainGroup = F8289CF182E2C94C3F449A81;
			minimizedProjectReferenceProxies = 1;
			packageReferences = (
				FPRFIR00112233445566778801 /* XCRemoteSwiftPackageReference "firebase-ios-sdk" */,
				PH00112233445566778899DD /* XCRemoteSwiftPackageReference "posthog-ios" */,
			);
			preferredProjectObjectVersion = 77;
			productRefGroup = 1F45D7F5254FAD17E047D6A3 /* Products */;
			projectDirPath = "";
			projectRoot = "";
			targets = (
				071F286DC49E27F1773FA883 /* RandomTimer */,
				068B65121206C32BF6322382 /* RandomTimerTests */,
				780772D950CC4419ABCBBAB5 /* RandomTimerUITests */,
				6B67826C44AEC156CD76B7DC /* RandomTimerWidgetExtension */,
			);
		};
/* End PBXProject section */

/* Begin PBXResourcesBuildPhase section */
		C860582E5E34407E753D7F99 /* Resources */ = {
			isa = PBXResourcesBuildPhase;
			buildActionMask = 2147483647;
				files = (
					A1C100112233445566778899 /* Audio in Resources */,
					56DF942937CE323893E2E4C6 /* alarm.mp3 in Resources */,
					4E242D865279E0BFD5B9CF7B /* gentle-chime.mp3 in Resources */,
					AABB001122334455DEADBEE0 /* Assets.xcassets in Resources */,
					PRIV001122334455AABB0002 /* PrivacyInfo.xcprivacy in Resources */,
					3FFD4482489894E382E7B6E8 /* klaxon.mp3 in Resources */,
					4FF9285AE33C37D3F7655511 /* whistle.mp3 in Resources */,
					5B6F3408CC4B851C6428EAAA /* buzzer.mp3 in Resources */,
				997459C4BEB58C7A5CB1C72F /* gong.mp3 in Resources */,
				2B75985921EFA190A6114447 /* airhorn.mp3 in Resources */,
				1DB82123D1FB23AC92C566D7 /* drum_roll.mp3 in Resources */,
				4F9999B0FD7F8A78A7A7C9A6 /* siren.mp3 in Resources */,
				7333136EFF1A48ADABA95895 /* bell.mp3 in Resources */,
			);
			runOnlyForDeploymentPostprocessing = 0;
		};
/* End PBXResourcesBuildPhase section */

/* Begin PBXShellScriptBuildPhase section */
		GSICOPY001122334455667788 /* Copy GoogleService-Info.plist if present */ = {
			isa = PBXShellScriptBuildPhase;
			buildActionMask = 2147483647;
			files = (
			);
			inputFileListPaths = (
			);
			inputPaths = (
				"$(PROJECT_DIR)/RandomTimer/GoogleService-Info.plist",
			);
			name = "Copy GoogleService-Info.plist if present";
			outputFileListPaths = (
			);
			outputPaths = (
				"$(TARGET_BUILD_DIR)/$(UNLOCALIZED_RESOURCES_FOLDER_PATH)/GoogleService-Info.plist",
			);
			runOnlyForDeploymentPostprocessing = 0;
			shellPath = /bin/sh;
			shellScript = "SOURCE_PLIST=\"${PROJECT_DIR}/RandomTimer/GoogleService-Info.plist\"\nDEST_PLIST=\"${TARGET_BUILD_DIR}/${UNLOCALIZED_RESOURCES_FOLDER_PATH}/GoogleService-Info.plist\"\nif [ -f \"$SOURCE_PLIST\" ]; then\n  cp \"$SOURCE_PLIST\" \"$DEST_PLIST\"\n  echo \"Bundled GoogleService-Info.plist\"\nelse\n  rm -f \"$DEST_PLIST\"\n  echo \"GoogleService-Info.plist not present; continuing without bundled Firebase config\"\nfi\n";
		};
		CRSHEL00112233445566778801 /* Run Crashlytics */ = {
			isa = PBXShellScriptBuildPhase;
			alwaysOutOfDate = 1;
			buildActionMask = 2147483647;
			files = (
			);
			inputFileListPaths = (
			);
			inputPaths = (
				"${DWARF_DSYM_FOLDER_PATH}/${DWARF_DSYM_FILE_NAME}",
				"${DWARF_DSYM_FOLDER_PATH}/${DWARF_DSYM_FILE_NAME}/Contents/Resources/DWARF/${PRODUCT_NAME}",
				"${DWARF_DSYM_FOLDER_PATH}/${DWARF_DSYM_FILE_NAME}/Contents/Info.plist",
				"$(TARGET_BUILD_DIR)/$(UNLOCALIZED_RESOURCES_FOLDER_PATH)/GoogleService-Info.plist",
				"$(TARGET_BUILD_DIR)/$(EXECUTABLE_PATH)",
			);
			name = "Run Crashlytics";
			outputFileListPaths = (
			);
			outputPaths = (
			);
			runOnlyForDeploymentPostprocessing = 0;
			shellPath = /bin/sh;
			shellScript = "if [ ! -f \"${TARGET_BUILD_DIR}/${UNLOCALIZED_RESOURCES_FOLDER_PATH}/GoogleService-Info.plist\" ]; then\n  echo \"Skipping Crashlytics run script because GoogleService-Info.plist is not bundled\"\n  exit 0\nfi\nif [ -f \"${BUILD_DIR%/Build/*}/SourcePackages/checkouts/firebase-ios-sdk/Crashlytics/run\" ]; then\n  \"${BUILD_DIR%/Build/*}/SourcePackages/checkouts/firebase-ios-sdk/Crashlytics/run\"\nfi\n";
		};
/* End PBXShellScriptBuildPhase section */

/* Begin PBXSourcesBuildPhase section */
		06C5F8F09D85408E93231FC5 /* Sources */ = {
			isa = PBXSourcesBuildPhase;
			buildActionMask = 2147483647;
			files = (
				064BAA16EA4D4830B29F2D9C /* RandomTimerUITests.swift in Sources */,
			);
			runOnlyForDeploymentPostprocessing = 0;
		};
		4B3649502FCACD78DF51B7D7 /* Sources */ = {
			isa = PBXSourcesBuildPhase;
			buildActionMask = 2147483647;
			files = (
				A1UPGRADE0011223344556679 /* AppUpgradeTracker.swift in Sources */,
				A1B2C3D400000003DEADBEEF /* AnalyticsService.swift in Sources */,
				PHCFG00112233445566778802 /* PostHogAnalyticsConfigFactory.swift in Sources */,
				CRSVC00112233445566778802 /* CrashReportingService.swift in Sources */,
				0D85510DFBFA57EC653BEFAC /* ActiveTimerScreen.swift in Sources */,
				0B6A472176A53D70127E8133 /* CircularTimerView.swift in Sources */,
				4F4A683B236AE94216503707 /* Colors.swift in Sources */,
				96771424C44C551B73F7732B /* GlassCard.swift in Sources */,
				VOLKEY00112233445566778802 /* AlarmVolumeKeyPolicy.swift in Sources */,
				1128B196E27E8531DC06D2FF /* NotificationService.swift in Sources */,
				1F9A3C44B55D66E77F880011 /* ProSoundCatalog.swift in Sources */,
				E1DD7FFA2F3044B7A5F461C1 /* LiveActivityService.swift in Sources */,
				0DDD8A9A4BBA38ABE292B47F /* PrimaryButton.swift in Sources */,
				4ED9D921707F80E1AC5501F3 /* RandomTimerApp.swift in Sources */,
				E479E3D609A46B2F93C1BD2C /* RangeSliderView.swift in Sources */,
				A1B2C3D400000004SHARE01 /* ShareSheet.swift in Sources */,
				D8BFD3BC04A1001EE7329508 /* StorageService.swift in Sources */,
				1EF5792885AFE606EACC05F9 /* TimerManager.swift in Sources */,
				17E69C010FAA04EFC0076358 /* TimerModels.swift in Sources */,
				4C7AAC0D5B84BD7DFA0ACEAB /* TimerSetupScreen.swift in Sources */,
				DEE000000000000000000002 /* DeepLinkRouter.swift in Sources */,
				D6D5DBA2177110DF7C339F94 /* ServiceProtocols.swift in Sources */,
				1BAE4130DA7DC5758A7F13FE /* StoreReviewManager.swift in Sources */,
				STOREUPD001122334455667788 /* StoreUpdateService.swift in Sources */,
				PMONTHMSG0011223344556677 /* ProMonthlyContentMessaging.swift in Sources */,
				PMONTHMAN0011223344556677 /* ProMonthlyContentManifestProvider.swift in Sources */,
				B1C2D3E4F5A6071800STATS1 /* TrainingStatsService.swift in Sources */,
				QTWP00112233445566778802 /* QualifiedTrainingPaywallPolicy.swift in Sources */,
				RWAD00112233445566778802 /* RewardedAdSupport.swift in Sources */,
				RWAD00112233445566778806 /* ProSoundAccess.swift in Sources */,
				RWAD0011223344556677880A /* RewardedAdCoordinator.swift in Sources */,
				RWAD0011223344556677880E /* StubRewardedAdPort.swift in Sources */,
				DPCK00112233445566778802 /* DisciplinePackCatalog.swift in Sources */,
				A1B2C3D400000001DEADBEEF /* Logger.swift in Sources */,
				85ABA1B34E3D14E790434638 /* ProManager.swift in Sources */,
				AIVC00112233445566778899 /* AIVoiceCalloutService.swift in Sources */,
				5817A12E9686AD21EAFE028A /* PaywallSheet.swift in Sources */,
			);
			runOnlyForDeploymentPostprocessing = 0;
		};
		A082432CA7AC1CD3BEBA0A62 /* Sources */ = {
			isa = PBXSourcesBuildPhase;
			buildActionMask = 2147483647;
			files = (
				69A55EE7F47BF51A55C13896 /* RandomTimerLiveActivity.swift in Sources */,
				D91C11A4CCFA99B1AF1AEA34 /* RandomTimerWidgetBundle.swift in Sources */,
				49B707298D8B919D28D01A71 /* SharedTypes.swift in Sources */,
			);
			runOnlyForDeploymentPostprocessing = 0;
		};
		CA4E80465DB6DB61FEB6A5DF /* Sources */ = {
			isa = PBXSourcesBuildPhase;
			buildActionMask = 2147483647;
			files = (
				ACTD00112233445566778802 /* ActivationDefaultsTests.swift in Sources */,
				DISTCH00112233445566778802 /* DistributionChannelResolverTests.swift in Sources */,
				PHCFG00112233445566778804 /* PostHogAnalyticsConfigFactoryTests.swift in Sources */,
				A1C1001122334455667788AA /* AIVoiceCalloutServiceTests.swift in Sources */,
				A1B2C3D4E5F60718A1B2C3D4 /* CircularTimerViewTests.swift in Sources */,
				DEE000000000000000000004 /* DeepLinkRouterTests.swift in Sources */,
				PRVT001122334455AABB0002 /* ProValidationTests.swift in Sources */,
				QTWP00112233445566778804 /* QualifiedTrainingPaywallPolicyTests.swift in Sources */,
				RWAD00112233445566778804 /* RewardedAdSupportTests.swift in Sources */,
				RWAD00112233445566778808 /* ProSoundAccessTests.swift in Sources */,
				RWAD0011223344556677880C /* RewardedAdCoordinatorTests.swift in Sources */,
				DPCK00112233445566778804 /* DisciplinePackCatalogTests.swift in Sources */,
				VOLKEY00112233445566778804 /* AlarmVolumeKeyPolicyTests.swift in Sources */,
				C1D2E3F4A5B60718C1D2E3F4 /* SilenceAndStopAlarmTests.swift in Sources */,
				DB8217C38D6B214B931042F7 /* TimerModels.swift in Sources */,
				840C3EEAD4E35D7D202C1C68 /* TimerModelsTests.swift in Sources */,
				PMONTHMSGT011223344556677 /* ProMonthlyContentMessagingTests.swift in Sources */,
				STOREUPDT01122334455667788 /* StoreUpdateServiceTests.swift in Sources */,
			);
			runOnlyForDeploymentPostprocessing = 0;
		};
/* End PBXSourcesBuildPhase section */

/* Begin PBXTargetDependency section */
		57CE23BFEB404B14B13A3CB4 /* PBXTargetDependency */ = {
			isa = PBXTargetDependency;
			target = 071F286DC49E27F1773FA883 /* RandomTimer */;
			targetProxy = 4B994177C0B44D43AC6B6889 /* PBXContainerItemProxy */;
		};
		67ED10C9A616F8D32CF4F663 /* PBXTargetDependency */ = {
			isa = PBXTargetDependency;
			target = 071F286DC49E27F1773FA883 /* RandomTimer */;
			targetProxy = D3B5D27FE9DAFDE56963E3F1 /* PBXContainerItemProxy */;
		};
		B309A62F166A0C885742BA28 /* PBXTargetDependency */ = {
			isa = PBXTargetDependency;
			target = 6B67826C44AEC156CD76B7DC /* RandomTimerWidgetExtension */;
			targetProxy = A81BED66FA956A6A357D5F6D /* PBXContainerItemProxy */;
		};
/* End PBXTargetDependency section */

/* Begin XCBuildConfiguration section */
		02ACBFF2FE72E4428D7448AA /* Debug */ = {
			isa = XCBuildConfiguration;
			buildSettings = {
				BUNDLE_LOADER = "$(TEST_HOST)";
				GENERATE_INFOPLIST_FILE = YES;
				IPHONEOS_DEPLOYMENT_TARGET = 18.0;
				LD_RUNPATH_SEARCH_PATHS = (
					"$(inherited)",
					"@executable_path/Frameworks",
					"@loader_path/Frameworks",
				);
				PRODUCT_BUNDLE_IDENTIFIER = com.igorganapolsky.randomtimer.tests;
				SDKROOT = iphoneos;
				SWIFT_VERSION = 6.0;
				TARGETED_DEVICE_FAMILY = "1,2";
				TEST_HOST = "$(BUILT_PRODUCTS_DIR)/RandomTimer.app/RandomTimer";
			};
			name = Debug;
		};
		03FF5C3C9BD88526D12DEA51 /* Release */ = {
			isa = XCBuildConfiguration;
			buildSettings = {
				ASSETCATALOG_COMPILER_APPICON_NAME = AppIcon;
				CODE_SIGN_IDENTITY = "Apple Distribution";
				CURRENT_PROJECT_VERSION = 451;
				GENERATE_INFOPLIST_FILE = NO;
				INFOPLIST_FILE = RandomTimer/Info.plist;
				IPHONEOS_DEPLOYMENT_TARGET = 18.0;
				LD_RUNPATH_SEARCH_PATHS = (
					"$(inherited)",
					"@executable_path/Frameworks",
				);
				MARKETING_VERSION = 1.3.59;
				POSTHOG_API_KEY = "$(POSTHOG_API_KEY)";
				PRODUCT_BUNDLE_IDENTIFIER = com.igorganapolsky.randomtimer;
				SDKROOT = iphoneos;
				SWIFT_VERSION = 6.0;
				TARGETED_DEVICE_FAMILY = "1,2";
			};
			name = Release;
		};
		093F04E2079538687B15A343 /* Release */ = {
			isa = XCBuildConfiguration;
			buildSettings = {
				ASSETCATALOG_COMPILER_WIDGET_BACKGROUND_COLOR_NAME = WidgetBackground;
				CURRENT_PROJECT_VERSION = 451;
				GENERATE_INFOPLIST_FILE = NO;
				INFOPLIST_FILE = RandomTimerWidget/Info.plist;
				IPHONEOS_DEPLOYMENT_TARGET = 18.0;
				LD_RUNPATH_SEARCH_PATHS = (
					"$(inherited)",
					"@executable_path/Frameworks",
					"@executable_path/../../Frameworks",
				);
				MARKETING_VERSION = 1.3.59;
				PRODUCT_BUNDLE_IDENTIFIER = com.igorganapolsky.randomtimer.widget;
				SDKROOT = iphoneos;
				SKIP_INSTALL = YES;
				SWIFT_VERSION = 6.0;
				TARGETED_DEVICE_FAMILY = "1,2";
			};
			name = Release;
		};
		16FDC5DDEF28A124C3BFAA9C /* Debug */ = {
			isa = XCBuildConfiguration;
			buildSettings = {
				ALWAYS_SEARCH_USER_PATHS = NO;
				CLANG_ANALYZER_NONNULL = YES;
				CLANG_ANALYZER_NUMBER_OBJECT_CONVERSION = YES_AGGRESSIVE;
				CLANG_CXX_LANGUAGE_STANDARD = "gnu++14";
				CLANG_CXX_LIBRARY = "libc++";
				CLANG_ENABLE_MODULES = YES;
				CLANG_ENABLE_OBJC_ARC = YES;
				CLANG_ENABLE_OBJC_WEAK = YES;
				CLANG_WARN_BLOCK_CAPTURE_AUTORELEASING = YES;
				CLANG_WARN_BOOL_CONVERSION = YES;
				CLANG_WARN_COMMA = YES;
				CLANG_WARN_CONSTANT_CONVERSION = YES;
				CLANG_WARN_DEPRECATED_OBJC_IMPLEMENTATIONS = YES;
				CLANG_WARN_DIRECT_OBJC_ISA_USAGE = YES_ERROR;
				CLANG_WARN_DOCUMENTATION_COMMENTS = YES;
				CLANG_WARN_EMPTY_BODY = YES;
				CLANG_WARN_ENUM_CONVERSION = YES;
				CLANG_WARN_INFINITE_RECURSION = YES;
				CLANG_WARN_INT_CONVERSION = YES;
				CLANG_WARN_NON_LITERAL_NULL_CONVERSION = YES;
				CLANG_WARN_OBJC_IMPLICIT_RETAIN_SELF = YES;
				CLANG_WARN_OBJC_LITERAL_CONVERSION = YES;
				CLANG_WARN_OBJC_ROOT_CLASS = YES_ERROR;
				CLANG_WARN_QUOTED_INCLUDE_IN_FRAMEWORK_HEADER = YES;
				CLANG_WARN_RANGE_LOOP_ANALYSIS = YES;
				CLANG_WARN_STRICT_PROTOTYPES = YES;
				CLANG_WARN_SUSPICIOUS_MOVE = YES;
				CLANG_WARN_UNGUARDED_AVAILABILITY = YES_AGGRESSIVE;
				CLANG_WARN_UNREACHABLE_CODE = YES;
				CLANG_WARN__DUPLICATE_METHOD_MATCH = YES;
				CODE_SIGN_STYLE = Automatic;
				COPY_PHASE_STRIP = NO;
				DEBUG_INFORMATION_FORMAT = dwarf;
				DEVELOPMENT_TEAM = 9GMM26JC5X;
				ENABLE_STRICT_OBJC_MSGSEND = YES;
				ENABLE_TESTABILITY = YES;
				GCC_C_LANGUAGE_STANDARD = gnu11;
				GCC_DYNAMIC_NO_PIC = NO;
				GCC_NO_COMMON_BLOCKS = YES;
				GCC_OPTIMIZATION_LEVEL = 0;
				GCC_PREPROCESSOR_DEFINITIONS = (
					"$(inherited)",
					"DEBUG=1",
				);
				GCC_WARN_64_TO_32_BIT_CONVERSION = YES;
				GCC_WARN_ABOUT_RETURN_TYPE = YES_ERROR;
				GCC_WARN_UNDECLARED_SELECTOR = YES;
				GCC_WARN_UNINITIALIZED_AUTOS = YES_AGGRESSIVE;
				GCC_WARN_UNUSED_FUNCTION = YES;
				GCC_WARN_UNUSED_VARIABLE = YES;
				IPHONEOS_DEPLOYMENT_TARGET = 18.0;
				MTL_ENABLE_DEBUG_INFO = INCLUDE_SOURCE;
				MTL_FAST_MATH = YES;
				ONLY_ACTIVE_ARCH = YES;
				PRODUCT_NAME = "$(TARGET_NAME)";
				SDKROOT = iphoneos;
				SWIFT_ACTIVE_COMPILATION_CONDITIONS = DEBUG;
				SWIFT_OPTIMIZATION_LEVEL = "-Onone";
				SWIFT_VERSION = 6.0;
				TARGETED_DEVICE_FAMILY = "1,2";
			};
			name = Debug;
		};
		4F6D27440DCBFEA2B7BABE45 /* Debug */ = {
			isa = XCBuildConfiguration;
			buildSettings = {
				ASSETCATALOG_COMPILER_APPICON_NAME = AppIcon;
				CODE_SIGN_IDENTITY = "iPhone Developer";
				CURRENT_PROJECT_VERSION = 451;
				GENERATE_INFOPLIST_FILE = NO;
				INFOPLIST_FILE = RandomTimer/Info.plist;
				IPHONEOS_DEPLOYMENT_TARGET = 18.0;
				LD_RUNPATH_SEARCH_PATHS = (
					"$(inherited)",
					"@executable_path/Frameworks",
				);
				MARKETING_VERSION = 1.3.59;
				POSTHOG_API_KEY = "$(POSTHOG_API_KEY)";
				PRODUCT_BUNDLE_IDENTIFIER = com.igorganapolsky.randomtimer;
				SDKROOT = iphoneos;
				SWIFT_VERSION = 6.0;
				TARGETED_DEVICE_FAMILY = "1,2";
			};
			name = Debug;
		};
		71022F62A5D06CEC91345947 /* Debug */ = {
			isa = XCBuildConfiguration;
			buildSettings = {
				ASSETCATALOG_COMPILER_WIDGET_BACKGROUND_COLOR_NAME = WidgetBackground;
				CURRENT_PROJECT_VERSION = 451;
				GENERATE_INFOPLIST_FILE = NO;
				INFOPLIST_FILE = RandomTimerWidget/Info.plist;
				IPHONEOS_DEPLOYMENT_TARGET = 18.0;
				LD_RUNPATH_SEARCH_PATHS = (
					"$(inherited)",
					"@executable_path/Frameworks",
					"@executable_path/../../Frameworks",
				);
				MARKETING_VERSION = 1.3.59;
				PRODUCT_BUNDLE_IDENTIFIER = com.igorganapolsky.randomtimer.widget;
				SDKROOT = iphoneos;
				SKIP_INSTALL = YES;
				SWIFT_VERSION = 6.0;
				TARGETED_DEVICE_FAMILY = "1,2";
			};
			name = Debug;
		};
		873078713152ECDFEFD9C3CA /* Release */ = {
			isa = XCBuildConfiguration;
			buildSettings = {
				BUNDLE_LOADER = "$(TEST_HOST)";
				GENERATE_INFOPLIST_FILE = YES;
				IPHONEOS_DEPLOYMENT_TARGET = 18.0;
				LD_RUNPATH_SEARCH_PATHS = (
					"$(inherited)",
					"@executable_path/Frameworks",
					"@loader_path/Frameworks",
				);
				PRODUCT_BUNDLE_IDENTIFIER = com.igorganapolsky.randomtimer.tests;
				SDKROOT = iphoneos;
				SWIFT_VERSION = 6.0;
				TARGETED_DEVICE_FAMILY = "1,2";
				TEST_HOST = "$(BUILT_PRODUCTS_DIR)/RandomTimer.app/RandomTimer";
			};
			name = Release;
		};
		A6A8B90BA24458B108276D55 /* Release */ = {
			isa = XCBuildConfiguration;
			buildSettings = {
				ALWAYS_SEARCH_USER_PATHS = NO;
				CLANG_ANALYZER_NONNULL = YES;
				CLANG_ANALYZER_NUMBER_OBJECT_CONVERSION = YES_AGGRESSIVE;
				CLANG_CXX_LANGUAGE_STANDARD = "gnu++14";
				CLANG_CXX_LIBRARY = "libc++";
				CLANG_ENABLE_MODULES = YES;
				CLANG_ENABLE_OBJC_ARC = YES;
				CLANG_ENABLE_OBJC_WEAK = YES;
				CLANG_WARN_BLOCK_CAPTURE_AUTORELEASING = YES;
				CLANG_WARN_BOOL_CONVERSION = YES;
				CLANG_WARN_COMMA = YES;
				CLANG_WARN_CONSTANT_CONVERSION = YES;
				CLANG_WARN_DEPRECATED_OBJC_IMPLEMENTATIONS = YES;
				CLANG_WARN_DIRECT_OBJC_ISA_USAGE = YES_ERROR;
				CLANG_WARN_DOCUMENTATION_COMMENTS = YES;
				CLANG_WARN_EMPTY_BODY = YES;
				CLANG_WARN_ENUM_CONVERSION = YES;
				CLANG_WARN_INFINITE_RECURSION = YES;
				CLANG_WARN_INT_CONVERSION = YES;
				CLANG_WARN_NON_LITERAL_NULL_CONVERSION = YES;
				CLANG_WARN_OBJC_IMPLICIT_RETAIN_SELF = YES;
				CLANG_WARN_OBJC_LITERAL_CONVERSION = YES;
				CLANG_WARN_OBJC_ROOT_CLASS = YES_ERROR;
				CLANG_WARN_QUOTED_INCLUDE_IN_FRAMEWORK_HEADER = YES;
				CLANG_WARN_RANGE_LOOP_ANALYSIS = YES;
				CLANG_WARN_STRICT_PROTOTYPES = YES;
				CLANG_WARN_SUSPICIOUS_MOVE = YES;
				CLANG_WARN_UNGUARDED_AVAILABILITY = YES_AGGRESSIVE;
				CLANG_WARN_UNREACHABLE_CODE = YES;
				CLANG_WARN__DUPLICATE_METHOD_MATCH = YES;
				CODE_SIGN_STYLE = Automatic;
				COPY_PHASE_STRIP = NO;
				DEBUG_INFORMATION_FORMAT = "dwarf-with-dsym";
				DEVELOPMENT_TEAM = 9GMM26JC5X;
				ENABLE_NS_ASSERTIONS = NO;
				ENABLE_STRICT_OBJC_MSGSEND = YES;
				GCC_C_LANGUAGE_STANDARD = gnu11;
				GCC_NO_COMMON_BLOCKS = YES;
				GCC_WARN_64_TO_32_BIT_CONVERSION = YES;
				GCC_WARN_ABOUT_RETURN_TYPE = YES_ERROR;
				GCC_WARN_UNDECLARED_SELECTOR = YES;
				GCC_WARN_UNINITIALIZED_AUTOS = YES_AGGRESSIVE;
				GCC_WARN_UNUSED_FUNCTION = YES;
				GCC_WARN_UNUSED_VARIABLE = YES;
				IPHONEOS_DEPLOYMENT_TARGET = 18.0;
				MTL_ENABLE_DEBUG_INFO = NO;
				MTL_FAST_MATH = YES;
				PRODUCT_NAME = "$(TARGET_NAME)";
				SDKROOT = iphoneos;
				SWIFT_COMPILATION_MODE = wholemodule;
				SWIFT_OPTIMIZATION_LEVEL = "-O";
				SWIFT_VERSION = 6.0;
				TARGETED_DEVICE_FAMILY = "1,2";
			};
			name = Release;
		};
		F1A3C8B7C3834CF68A4943A4 /* Debug */ = {
			isa = XCBuildConfiguration;
			buildSettings = {
				GENERATE_INFOPLIST_FILE = YES;
				IPHONEOS_DEPLOYMENT_TARGET = 18.0;
				PRODUCT_BUNDLE_IDENTIFIER = com.igorganapolsky.randomtimer.uitests;
				SDKROOT = iphoneos;
				SWIFT_VERSION = 6.0;
				TARGETED_DEVICE_FAMILY = "1,2";
				TEST_TARGET_NAME = RandomTimer;
			};
			name = Debug;
		};
		F30F63238DCE4B8B92BEDEAD /* Release */ = {
			isa = XCBuildConfiguration;
			buildSettings = {
				GENERATE_INFOPLIST_FILE = YES;
				IPHONEOS_DEPLOYMENT_TARGET = 18.0;
				PRODUCT_BUNDLE_IDENTIFIER = com.igorganapolsky.randomtimer.uitests;
				SDKROOT = iphoneos;
				SWIFT_VERSION = 6.0;
				TARGETED_DEVICE_FAMILY = "1,2";
				TEST_TARGET_NAME = RandomTimer;
			};
			name = Release;
		};
/* End XCBuildConfiguration section */

/* Begin XCConfigurationList section */
		0BADE4CBF85B4271B73F574A /* Build configuration list for PBXNativeTarget "RandomTimerUITests" */ = {
			isa = XCConfigurationList;
			buildConfigurations = (
				F1A3C8B7C3834CF68A4943A4 /* Debug */,
				F30F63238DCE4B8B92BEDEAD /* Release */,
			);
			defaultConfigurationIsVisible = 0;
			defaultConfigurationName = Debug;
		};
		1FC5C4B604AB7C83642F1A28 /* Build configuration list for PBXNativeTarget "RandomTimer" */ = {
			isa = XCConfigurationList;
			buildConfigurations = (
				4F6D27440DCBFEA2B7BABE45 /* Debug */,
				03FF5C3C9BD88526D12DEA51 /* Release */,
			);
			defaultConfigurationIsVisible = 0;
			defaultConfigurationName = Debug;
		};
		6928FF87BC5E7BA0886D9F95 /* Build configuration list for PBXNativeTarget "RandomTimerWidgetExtension" */ = {
			isa = XCConfigurationList;
			buildConfigurations = (
				71022F62A5D06CEC91345947 /* Debug */,
				093F04E2079538687B15A343 /* Release */,
			);
			defaultConfigurationIsVisible = 0;
			defaultConfigurationName = Debug;
		};
		CD36B60FFBE1306E78F16436 /* Build configuration list for PBXProject "RandomTimer" */ = {
			isa = XCConfigurationList;
			buildConfigurations = (
				16FDC5DDEF28A124C3BFAA9C /* Debug */,
				A6A8B90BA24458B108276D55 /* Release */,
			);
			defaultConfigurationIsVisible = 0;
			defaultConfigurationName = Debug;
		};
		D5ED6F06F95BC3C6B8B40BC6 /* Build configuration list for PBXNativeTarget "RandomTimerTests" */ = {
			isa = XCConfigurationList;
			buildConfigurations = (
				02ACBFF2FE72E4428D7448AA /* Debug */,
				873078713152ECDFEFD9C3CA /* Release */,
			);
			defaultConfigurationIsVisible = 0;
			defaultConfigurationName = Debug;
		};
/* End XCConfigurationList section */

/* Begin XCRemoteSwiftPackageReference section */
		FPRFIR00112233445566778801 /* XCRemoteSwiftPackageReference "firebase-ios-sdk" */ = {
			isa = XCRemoteSwiftPackageReference;
			repositoryURL = "https://github.com/firebase/firebase-ios-sdk";
			requirement = {
				kind = upToNextMajorVersion;
				minimumVersion = 11.0.0;
			};
		};
		PH00112233445566778899DD /* XCRemoteSwiftPackageReference "posthog-ios" */ = {
			isa = XCRemoteSwiftPackageReference;
			repositoryURL = "https://github.com/PostHog/posthog-ios";
			requirement = {
				kind = upToNextMajorVersion;
				minimumVersion = 3.46.0;
			};
		};
/* End XCRemoteSwiftPackageReference section */

/* Begin XCSwiftPackageProductDependency section */
		FPDFIR00112233445566778801 /* FirebaseCrashlytics */ = {
			isa = XCSwiftPackageProductDependency;
			package = FPRFIR00112233445566778801 /* XCRemoteSwiftPackageReference "firebase-ios-sdk" */;
			productName = FirebaseCrashlytics;
		};
		PH00112233445566778899BB /* PostHog */ = {
			isa = XCSwiftPackageProductDependency;
			package = PH00112233445566778899DD /* XCRemoteSwiftPackageReference "posthog-ios" */;
			productName = PostHog;
		};
/* End XCSwiftPackageProductDependency section */
	};
	rootObject = 0EDC84FE4BE7EB4ACDD83C02 /* Project object */;
}
